{
  "name": "frontend",
  "lockfileVersion": 3,
  "requires": true,
  "packages": {
    "": {
      "dependencies": {
        "backend": "file:.."
      }
    },
    "..": {
      "version": "1.0.0",
      "license": "ISC",
      "dependencies": {
        "@vercel/node": "^3.2.24",
        "bcryptjs": "^2.4.3",
        "cloudinary": "^2.5.1",
        "cors": "^2.8.5",
        "follow-redirects": "^1.15.9",
        "install": "^0.13.0",
        "mailtrap": "^3.4.0",
        "mongoose": "^8.7.2",
        "npm": "^10.9.0"
      },
      "devDependencies": {
        "@types/bcryptjs": "^2.4.6",
        "@types/cookie-parser": "^1.4.7",
        "@types/cors": "^2.8.17",
        "@types/express": "^5.0.0",
        "@types/follow-redirects": "^1.14.4",
        "@types/jsonwebtoken": "^9.0.7",
        "cookie-parser": "^1.4.7",
        "dotenv": "^16.4.5",
        "express": "^4.21.1",
        "jsonwebtoken": "^9.0.2",
        "nodemon": "^3.1.7",
        "ts-node": "^10.9.2",
        "typescript": "^5.6.3"
      }
    },
    "node_modules/backend": {
      "resolved": "..",
      "link": true
    }
  }
}
